// !$*UTF8*$!
{
	archiveVersion = 1;
	classes = {
	};
	objectVersion = 46;
	objects = {

/* Begin PBXBuildFile section */
		CF065F7A1D4CB2A5009EFD27 /* main.cpp in Sources */ = {isa = PBXBuildFile; fileRef = CF065F791D4CB2A5009EFD27 /* main.cpp */; };
/* End PBXBuildFile section */

/* Begin PBXCopyFilesBuildPhase section */
		CF065F741D4CB2A5009EFD27 /* CopyFiles */ = {
			isa = PBXCopyFilesBuildPhase;
			buildActionMask = 2147483647;
			dstPath = /usr/share/man/man1/;
			dstSubfolderSpec = 0;
			files = (
			);
			runOnlyForDeploymentPostprocessing = 1;
		};
/* End PBXCopyFilesBuildPhase section */

/* Begin PBXFileReference section */
		CF065F761D4CB2A5009EFD27 /* testSTL */ = {isa = PBXFileReference; explicitFileType = "compiled.mach-o.executable"; includeInIndex = 0; path = testSTL; sourceTree = BUILT_PRODUCTS_DIR; };
		CF065F791D4CB2A5009EFD27 /* main.cpp */ = {isa = PBXFileReference; lastKnownFileType = sourcecode.cpp.cpp; path = main.cpp; sourceTree = "<group>"; };
/* End PBXFileReference section */

/* Begin PBXFrameworksBuildPhase section */
		CF065F731D4CB2A5009EFD27 /* Frameworks */ = {
			isa = PBXFrameworksBuildPhase;
			buildActionMask = 2147483647;
			files = (
			);
			runOnlyForDeploymentPostprocessing = 0;
		};
/* End PBXFrameworksBuildPhase section */

/* Begin PBXGroup section */
		CF065F6D1D4CB2A4009EFD27 = {
			isa = PBXGroup;
			children = (
				CF065F781D4CB2A5009EFD27 /* testSTL */,
				CF065F771D4CB2A5009EFD27 /* Products */,
			);
			sourceTree = "<group>";
		};
		CF065F771D4CB2A5009EFD27 /* Products */ = {
			isa = PBXGroup;
			children = (
				CF065F761D4CB2A5009EFD27 /* testSTL */,
			);
			name = Products;
			sourceTree = "<group>";
		};
		CF065F781D4CB2A5009EFD27 /* testSTL */ = {
			isa = PBXGroup;
			children = (
				CF065F791D4CB2A5009EFD27 /* main.cpp */,
			);
			path = testSTL;
			sourceTree = "<group>";
		};
/* End PBXGroup section */

/* Begin PBXNativeTarget section */
		CF065F751D4CB2A5009EFD27 /* testSTL */ = {
			isa = PBXNativeTarget;
			buildConfigurationList = CF065F7D1D4CB2A5009EFD27 /* Build configuration list for PBXNativeTarget "testSTL" */;
			buildPhases = (
				CF065F721D4CB2A5009EFD27 /* Sources */,
				CF065F731D4CB2A5009EFD27 /* Frameworks */,
				CF065F741D4CB2A5009EFD27 /* CopyFiles */,
			);
			buildRules = (
			);
			dependencies = (
			);
			name = testSTL;
			productName = testSTL;
			productReference = CF065F761D4CB2A5009EFD27 /* testSTL */;
			productType = "com.apple.product-type.tool";
		};
/* End PBXNativeTarget section */

/* Begin PBXProject section */
		CF065F6E1D4CB2A5009EFD27 /* Project object */ = {
			isa = PBXProject;
			attributes = {
				LastUpgradeCheck = 0730;
				ORGANIZATIONNAME = ashwinco;
				TargetAttributes = {
					CF065F751D4CB2A5009EFD27 = {
						CreatedOnToolsVersion = 7.3;
					};
				};
			};
			buildConfigurationList = CF065F711D4CB2A5009EFD27 /* Build configuration list for PBXProject "testSTL" */;
			compatibilityVersion = "Xcode 3.2";
			developmentRegion = English;
			hasScannedForEncodings = 0;
			knownRegions = (
				en,
			);
			mainGroup = CF065F6D1D4CB2A4009EFD27;
			productRefGroup = CF065F771D4CB2A5009EFD27 /* Products */;
			projectDirPath = "";
			projectRoot = "";
			targets = (
				CF065F751D4CB2A5009EFD27 /* testSTL */,
			);
		};
/* End PBXProject section */

/* Begin PBXSourcesBuildPhase section */
		CF065F721D4CB2A5009EFD27 /* Sources */ = {
			isa = PBXSourcesBuildPhase;
			buildActionMask = 2147483647;
			files = (
				CF065F7A1D4CB2A5009EFD27 /* main.cpp in Sources */,
			);
			runOnlyForDeploymentPostprocessing = 0;
		};
/* End PBXSourcesBuildPhase section */

/* Begin XCBuildConfiguration section */
		CF065F7B1D4CB2A5009EFD27 /* Debug */ = {
			isa = XCBuildConfiguration;
			buildSettings = {
				ALWAYS_SEARCH_USER_PATHS = NO;
				CLANG_ANALYZER_NONNULL = YES;
				CLANG_CXX_LANGUAGE_STANDARD = "gnu++0x";
				CLANG_CXX_LIBRARY = "libc++";
				CLANG_ENABLE_MODULES = YES;
				CLANG_ENABLE_OBJC_ARC = YES;
				CLANG_WARN_BOOL_CONVERSION = YES;
				CLANG_WARN_CONSTANT_CONVERSION = YES;
				CLANG_WARN_DIRECT_OBJC_ISA_USAGE = YES_ERROR;
				CLANG_WARN_EMPTY_BODY = YES;
				CLANG_WARN_ENUM_CONVERSION = YES;
				CLANG_WARN_INT_CONVERSION = YES;
				CLANG_WARN_OBJC_ROOT_CLASS = YES_ERROR;
				CLANG_WARN_UNREACHABLE_CODE = YES;
				CLANG_WARN__DUPLICATE_METHOD_MATCH = YES;
				CODE_SIGN_IDENTITY = "-";
				COPY_PHASE_STRIP = NO;
				DEBUG_INFORMATION_FORMAT = dwarf;
				ENABLE_STRICT_OBJC_MSGSEND = YES;
				ENABLE_TESTABILITY = YES;
				GCC_C_LANGUAGE_STANDARD = gnu99;
				GCC_DYNAMIC_NO_PIC = NO;
				GCC_NO_COMMON_BLOCKS = YES;
				GCC_OPTIMIZATION_LEVEL = 0;
				GCC_PREPROCESSOR_DEFINITIONS = (
					"DEBUG=1",
					"$(inherited)",
				);
				GCC_WARN_64_TO_32_BIT_CONVERSION = YES;
				GCC_WARN_ABOUT_RETURN_TYPE = YES_ERROR;
				GCC_WARN_UNDECLARED_SELECTOR = YES;
				GCC_WARN_UNINITIALIZED_AUTOS = YES_AGGRESSIVE;
				GCC_WARN_UNUSED_FUNCTION = YES;
				GCC_WARN_UNUSED_VARIABLE = YES;
				MACOSX_DEPLOYMENT_TARGET = 10.11;
				MTL_ENABLE_DEBUG_INFO = YES;
				ONLY_ACTIVE_ARCH = YES;
				SDKROOT = macosx;
			};
			name = Debug;
		};
		CF065F7C1D4CB2A5009EFD27 /* Release */ = {
			isa = XCBuildConfiguration;
			buildSettings = {
				ALWAYS_SEARCH_USER_PATHS = NO;
				CLANG_ANALYZER_NONNULL = YES;
				CLANG_CXX_LANGUAGE_STANDARD = "gnu++0x";
				CLANG_CXX_LIBRARY = "libc++";
				CLANG_ENABLE_MODULES = YES;
				CLANG_ENABLE_OBJC_ARC = YES;
				CLANG_WARN_BOOL_CONVERSION = YES;
				CLANG_WARN_CONSTANT_CONVERSION = YES;
				CLANG_WARN_DIRECT_OBJC_ISA_USAGE = YES_ERROR;
				CLANG_WARN_EMPTY_BODY = YES;
				CLANG_WARN_ENUM_CONVERSION = YES;
				CLANG_WARN_INT_CONVERSION = YES;
				CLANG_WARN_OBJC_ROOT_CLASS = YES_ERROR;
				CLANG_WARN_UNREACHABLE_CODE = YES;
				CLANG_WARN__DUPLICATE_METHOD_MATCH = YES;
				CODE_SIGN_IDENTITY = "-";
				COPY_PHASE_STRIP = NO;
				DEBUG_INFORMATION_FORMAT = "dwarf-with-dsym";
				ENABLE_NS_ASSERTIONS = NO;
				ENABLE_STRICT_OBJC_MSGSEND = YES;
				GCC_C_LANGUAGE_STANDARD = gnu99;
				GCC_NO_COMMON_BLOCKS = YES;
				GCC_WARN_64_TO_32_BIT_CONVERSION = YES;
				GCC_WARN_ABOUT_RETURN_TYPE = YES_ERROR;
				GCC_WARN_UNDECLARED_SELECTOR = YES;
				GCC_WARN_UNINITIALIZED_AUTOS = YES_AGGRESSIVE;
				GCC_WARN_UNUSED_FUNCTION = YES;
				GCC_WARN_UNUSED_VARIABLE = YES;
				MACOSX_DEPLOYMENT_TARGET = 10.11;
				MTL_ENABLE_DEBUG_INFO = NO;
				SDKROOT = macosx;
			};
			name = Release;
		};
		CF065F7E1D4CB2A5009EFD27 /* Debug */ = {
			isa = XCBuildConfiguration;
			buildSettings = {
				PRODUCT_NAME = "$(TARGET_NAME)";
			};
			name = Debug;
		};
		CF065F7F1D4CB2A5009EFD27 /* Release */ = {
			isa = XCBuildConfiguration;
			buildSettings = {
				PRODUCT_NAME = "$(TARGET_NAME)";
			};
			name = Release;
		};
/* End XCBuildConfiguration section */

/* Begin XCConfigurationList section */
		CF065F711D4CB2A5009EFD27 /* Build configuration list for PBXProject "testSTL" */ = {
			isa = XCConfigurationList;
			buildConfigurations = (
				CF065F7B1D4CB2A5009EFD27 /* Debug */,
				CF065F7C1D4CB2A5009EFD27 /* Release */,
			);
			defaultConfigurationIsVisible = 0;
			defaultConfigurationName = Release;
		};
		CF065F7D1D4CB2A5009EFD27 /* Build configuration list for PBXNativeTarget "testSTL" */ = {
			isa = XCConfigurationList;
			buildConfigurations = (
				CF065F7E1D4CB2A5009EFD27 /* Debug */,
				CF065F7F1D4CB2A5009EFD27 /* Release */,
			);
			defaultConfigurationIsVisible = 0;
		};
/* End XCConfigurationList section */
	};
	rootObject = CF065F6E1D4CB2A5009EFD27 /* Project object */;
}
